
Microsoft Visual Studio Solution File, Format Version 12.00
Project("{FAE04EC0-301F-11D3-BF4B-00C04F79EFBC}") = "NanoNEAT", "NanoNEAT.csproj", "{098747E8-F24A-4BAC-8ABF-A54B4DE0E0DF}"
EndProject
Global
	GlobalSection(SolutionConfigurationPlatforms) = preSolution
		Debug|Any CPU = Debug|Any CPU
		Release|Any CPU = Release|Any CPU
	EndGlobalSection
	GlobalSection(ProjectConfigurationPlatforms) = postSolution
		{098747E8-F24A-4BAC-8ABF-A54B4DE0E0DF}.Debug|Any CPU.ActiveCfg = Debug|Any CPU
		{098747E8-F24A-4BAC-8ABF-A54B4DE0E0DF}.Debug|Any CPU.Build.0 = Debug|Any CPU
		{098747E8-F24A-4BAC-8ABF-A54B4DE0E0DF}.Release|Any CPU.ActiveCfg = Release|Any CPU
		{098747E8-F24A-4BAC-8ABF-A54B4DE0E0DF}.Release|Any CPU.Build.0 = Release|Any CPU
	EndGlobalSection
EndGlobal
